
Microsoft Visual Studio Solution File, Format Version 12.00
# Visual Studio Version 16
VisualStudioVersion = 16.0.31410.357
MinimumVisualStudioVersion = 10.0.40219.1
Project("{9A19103F-16F7-4668-BE54-9A1E7A4F7556}") = "OpinionatedUids", "OpinionatedUids\OpinionatedUids.csproj", "{B0396A44-E232-4A76-BC16-F1D39BABAFE4}"
EndProject
Project("{FAE04EC0-301F-11D3-BF4B-00C04F79EFBC}") = "OpinionatedUids.Tests", "OpinionatedUids.Tests\OpinionatedUids.Tests.csproj", "{EABFF488-1B7E-4322-8502-8A1E3DFB8D64}"
EndProject
Global
	GlobalSection(SolutionConfigurationPlatforms) = preSolution
		Debug|Any CPU = Debug|Any CPU
		Release|Any CPU = Release|Any CPU
	EndGlobalSection
	GlobalSection(ProjectConfigurationPlatforms) = postSolution
		{B0396A44-E232-4A76-BC16-F1D39BABAFE4}.Debug|Any CPU.ActiveCfg = Debug|Any CPU
		{B0396A44-E232-4A76-BC16-F1D39BABAFE4}.Debug|Any CPU.Build.0 = Debug|Any CPU
		{B0396A44-E232-4A76-BC16-F1D39BABAFE4}.Release|Any CPU.ActiveCfg = Release|Any CPU
		{B0396A44-E232-4A76-BC16-F1D39BABAFE4}.Release|Any CPU.Build.0 = Release|Any CPU
		{EABFF488-1B7E-4322-8502-8A1E3DFB8D64}.Debug|Any CPU.ActiveCfg = Debug|Any CPU
		{EABFF488-1B7E-4322-8502-8A1E3DFB8D64}.Debug|Any CPU.Build.0 = Debug|Any CPU
		{EABFF488-1B7E-4322-8502-8A1E3DFB8D64}.Release|Any CPU.ActiveCfg = Release|Any CPU
		{EABFF488-1B7E-4322-8502-8A1E3DFB8D64}.Release|Any CPU.Build.0 = Release|Any CPU
	EndGlobalSection
	GlobalSection(SolutionProperties) = preSolution
		HideSolutionNode = FALSE
	EndGlobalSection
	GlobalSection(ExtensibilityGlobals) = postSolution
		SolutionGuid = {A2320FC1-28B6-49E0-8E38-E954BDF97855}
	EndGlobalSection
EndGlobal
